
Microsoft Visual Studio Solution File, Format Version 12.00
# Visual Studio 15
VisualStudioVersion = 15.0.27130.2027
MinimumVisualStudioVersion = 10.0.40219.1
Project("{FAE04EC0-301F-11D3-BF4B-00C04F79EFBC}") = "WriteWork2", "WriteWork\WriteWork2.csproj", "{FB86425C-629D-4E6B-B310-237E869824BC}"
EndProject
Global
	GlobalSection(SolutionConfigurationPlatforms) = preSolution
		Debug|Any CPU = Debug|Any CPU
		Release|Any CPU = Release|Any CPU
	EndGlobalSection
	GlobalSection(ProjectConfigurationPlatforms) = postSolution
		{FB86425C-629D-4E6B-B310-237E869824BC}.Debug|Any CPU.ActiveCfg = Debug|Any CPU
		{FB86425C-629D-4E6B-B310-237E869824BC}.Debug|Any CPU.Build.0 = Debug|Any CPU
		{FB86425C-629D-4E6B-B310-237E869824BC}.Release|Any CPU.ActiveCfg = Release|Any CPU
		{FB86425C-629D-4E6B-B310-237E869824BC}.Release|Any CPU.Build.0 = Release|Any CPU
	EndGlobalSection
	GlobalSection(SolutionProperties) = preSolution
		HideSolutionNode = FALSE
	EndGlobalSection
	GlobalSection(ExtensibilityGlobals) = postSolution
		SolutionGuid = {F7E5457B-39DA-4594-8AF7-9F1DA3D4C222}
	EndGlobalSection
EndGlobal
